
Microsoft Visual Studio Solution File, Format Version 12.00
# Visual Studio Version 16
VisualStudioVersion = 16.0.30804.86
MinimumVisualStudioVersion = 10.0.40219.1
Project("{FAE04EC0-301F-11D3-BF4B-00C04F79EFBC}") = "MVC-EditorTemplate-DisplayTemplate-Example", "MVC-EditorTemplate-DisplayTemplate-Example\MVC-EditorTemplate-DisplayTemplate-Example.csproj", "{063891FE-FEFC-4B78-B0AB-194B7EA0C738}"
EndProject
Global
	GlobalSection(SolutionConfigurationPlatforms) = preSolution
		Debug|Any CPU = Debug|Any CPU
		Release|Any CPU = Release|Any CPU
	EndGlobalSection
	GlobalSection(ProjectConfigurationPlatforms) = postSolution
		{063891FE-FEFC-4B78-B0AB-194B7EA0C738}.Debug|Any CPU.ActiveCfg = Debug|Any CPU
		{063891FE-FEFC-4B78-B0AB-194B7EA0C738}.Debug|Any CPU.Build.0 = Debug|Any CPU
		{063891FE-FEFC-4B78-B0AB-194B7EA0C738}.Release|Any CPU.ActiveCfg = Release|Any CPU
		{063891FE-FEFC-4B78-B0AB-194B7EA0C738}.Release|Any CPU.Build.0 = Release|Any CPU
	EndGlobalSection
	GlobalSection(SolutionProperties) = preSolution
		HideSolutionNode = FALSE
	EndGlobalSection
	GlobalSection(ExtensibilityGlobals) = postSolution
		SolutionGuid = {37F60EED-D812-4DF5-B2D8-03E8D811B115}
	EndGlobalSection
EndGlobal
